
Microsoft Visual Studio Solution File, Format Version 12.00
Project("{FAE04EC0-301F-11D3-BF4B-00C04F79EFBC}") = "Lab31", "Lab31\Lab31.csproj", "{7A784BF6-2520-49E4-A72B-B452A430A666}"
EndProject
Global
	GlobalSection(SolutionConfigurationPlatforms) = preSolution
		Debug|Any CPU = Debug|Any CPU
		Release|Any CPU = Release|Any CPU
	EndGlobalSection
	GlobalSection(ProjectConfigurationPlatforms) = postSolution
		{7A784BF6-2520-49E4-A72B-B452A430A666}.Debug|Any CPU.ActiveCfg = Debug|Any CPU
		{7A784BF6-2520-49E4-A72B-B452A430A666}.Debug|Any CPU.Build.0 = Debug|Any CPU
		{7A784BF6-2520-49E4-A72B-B452A430A666}.Release|Any CPU.ActiveCfg = Release|Any CPU
		{7A784BF6-2520-49E4-A72B-B452A430A666}.Release|Any CPU.Build.0 = Release|Any CPU
	EndGlobalSection
EndGlobal
